PODS:
  - Alamofire (4.8.1)
  - GoogleMaps (3.0.3):
    - GoogleMaps/Maps (= 3.0.3)
  - GoogleMaps/Base (3.0.3)
  - GoogleMaps/Maps (3.0.3):
    - GoogleMaps/Base
  - GooglePlaces (3.0.3):
    - GoogleMaps/Base (= 3.0.3)
  - Kingfisher (5.2.0)
  - Moya (12.0.1):
    - Moya/Core (= 12.0.1)
  - Moya/Core (12.0.1):
    - Alamofire (~> 4.1)
    - Result (~> 4.0)
  - NVActivityIndicatorView (4.6.1):
    - NVActivityIndicatorView/Presenter (= 4.6.1)
  - NVActivityIndicatorView/Presenter (4.6.1)
  - Realm (3.13.1):
    - Realm/Headers (= 3.13.1)
  - Realm/Headers (3.13.1)
  - RealmSwift (3.13.1):
    - Realm (= 3.13.1)
  - Result (4.1.0)
  - RxAtomic (4.4.2)
  - RxCocoa (4.4.2):
    - RxSwift (>= 4.4.2, ~> 4.4)
  - RxOptional (3.6.2):
    - RxCocoa (~> 4.0)
    - RxSwift (~> 4.0)
  - RxSwift (4.4.2):
    - RxAtomic (>= 4.4.2, ~> 4.4)

DEPENDENCIES:
  - GoogleMaps
  - GooglePlaces
  - Kingfisher (~> 5.0)
  - Moya
  - NVActivityIndicatorView
  - RealmSwift
  - RxCocoa
  - RxOptional
  - RxSwift

SPEC REPOS:
  https://github.com/cocoapods/specs.git:
    - Alamofire
    - GoogleMaps
    - GooglePlaces
    - Kingfisher
    - Moya
    - NVActivityIndicatorView
    - Realm
    - RealmSwift
    - Result
    - RxAtomic
    - RxCocoa
    - RxOptional
    - RxSwift

SPEC CHECKSUMS:
  Alamofire: 16ce2c353fb72865124ddae8a57c5942388f4f11
  GoogleMaps: fd5c9fa58871781b9fb94d4936f19c69fe60ce32
  GooglePlaces: f09e76993c9c3ee4af8f4f7f535bb94d6aa3b649
  Kingfisher: 07067cfacf371117330dceb4b4b8f5c4b691ab42
  Moya: cf730b3cd9e005401ef37a85143aa141a12fd38f
  NVActivityIndicatorView: 4ca19fccc84595a78957336a086d00a49be6ce61
  Realm: 50071da38fe079e0735e47c9f2eae738c68c5996
  RealmSwift: 8a1e6a02b7a08cd17a31e3115143fb69fe5f3fb9
  Result: bd966fac789cc6c1563440b348ab2598cc24d5c7
  RxAtomic: d00e97c10db88c6f08540e0bf2752fc5a2404167
  RxCocoa: 477990dc3b4c3ff55fb0ac77e1cc06244e0aaec8
  RxOptional: 80426a0ddbd092573e4c482d8cc13302078c4d5e
  RxSwift: 74c29b693c8e42b0f64400e8b06564575742d649

PODFILE CHECKSUM: 8b22024644f54109cb885bd2f30f995d26e3babd

COCOAPODS: 1.6.1
